
Microsoft Visual Studio Solution File, Format Version 12.00
# Visual Studio Version 17
VisualStudioVersion = 17.8.34525.116
MinimumVisualStudioVersion = 10.0.40219.1
Project("{FAE04EC0-301F-11D3-BF4B-00C04F79EFBC}") = "Iterator", "Iterator\Iterator.csproj", "{46A539B9-C44D-4B83-B6FF-24371B63AB9E}"
EndProject
Global
	GlobalSection(SolutionConfigurationPlatforms) = preSolution
		Debug|Any CPU = Debug|Any CPU
		Release|Any CPU = Release|Any CPU
	EndGlobalSection
	GlobalSection(ProjectConfigurationPlatforms) = postSolution
		{46A539B9-C44D-4B83-B6FF-24371B63AB9E}.Debug|Any CPU.ActiveCfg = Debug|Any CPU
		{46A539B9-C44D-4B83-B6FF-24371B63AB9E}.Debug|Any CPU.Build.0 = Debug|Any CPU
		{46A539B9-C44D-4B83-B6FF-24371B63AB9E}.Release|Any CPU.ActiveCfg = Release|Any CPU
		{46A539B9-C44D-4B83-B6FF-24371B63AB9E}.Release|Any CPU.Build.0 = Release|Any CPU
	EndGlobalSection
	GlobalSection(SolutionProperties) = preSolution
		HideSolutionNode = FALSE
	EndGlobalSection
	GlobalSection(ExtensibilityGlobals) = postSolution
		SolutionGuid = {42019CF9-3E6B-4B49-B0FA-BDF9348820C7}
	EndGlobalSection
EndGlobal
