
Microsoft Visual Studio Solution File, Format Version 12.00
# Visual Studio Version 17
VisualStudioVersion = 17.8.34525.116
MinimumVisualStudioVersion = 10.0.40219.1
Project("{FAE04EC0-301F-11D3-BF4B-00C04F79EFBC}") = "Command", "Command\Command.csproj", "{F38A5652-C5FF-4C54-9223-5C4CC70399B3}"
EndProject
Global
	GlobalSection(SolutionConfigurationPlatforms) = preSolution
		Debug|Any CPU = Debug|Any CPU
		Release|Any CPU = Release|Any CPU
	EndGlobalSection
	GlobalSection(ProjectConfigurationPlatforms) = postSolution
		{F38A5652-C5FF-4C54-9223-5C4CC70399B3}.Debug|Any CPU.ActiveCfg = Debug|Any CPU
		{F38A5652-C5FF-4C54-9223-5C4CC70399B3}.Debug|Any CPU.Build.0 = Debug|Any CPU
		{F38A5652-C5FF-4C54-9223-5C4CC70399B3}.Release|Any CPU.ActiveCfg = Release|Any CPU
		{F38A5652-C5FF-4C54-9223-5C4CC70399B3}.Release|Any CPU.Build.0 = Release|Any CPU
	EndGlobalSection
	GlobalSection(SolutionProperties) = preSolution
		HideSolutionNode = FALSE
	EndGlobalSection
	GlobalSection(ExtensibilityGlobals) = postSolution
		SolutionGuid = {302CED2D-1139-4589-830F-16D34A49FF0C}
	EndGlobalSection
EndGlobal
