
Microsoft Visual Studio Solution File, Format Version 12.00
# Visual Studio Version 17
VisualStudioVersion = 17.8.34525.116
MinimumVisualStudioVersion = 10.0.40219.1
Project("{FAE04EC0-301F-11D3-BF4B-00C04F79EFBC}") = "Prototype", "Prototype\Prototype.csproj", "{DA961AD3-C5F2-4229-B1FF-351A5AC79814}"
EndProject
Global
	GlobalSection(SolutionConfigurationPlatforms) = preSolution
		Debug|Any CPU = Debug|Any CPU
		Release|Any CPU = Release|Any CPU
	EndGlobalSection
	GlobalSection(ProjectConfigurationPlatforms) = postSolution
		{DA961AD3-C5F2-4229-B1FF-351A5AC79814}.Debug|Any CPU.ActiveCfg = Debug|Any CPU
		{DA961AD3-C5F2-4229-B1FF-351A5AC79814}.Debug|Any CPU.Build.0 = Debug|Any CPU
		{DA961AD3-C5F2-4229-B1FF-351A5AC79814}.Release|Any CPU.ActiveCfg = Release|Any CPU
		{DA961AD3-C5F2-4229-B1FF-351A5AC79814}.Release|Any CPU.Build.0 = Release|Any CPU
	EndGlobalSection
	GlobalSection(SolutionProperties) = preSolution
		HideSolutionNode = FALSE
	EndGlobalSection
	GlobalSection(ExtensibilityGlobals) = postSolution
		SolutionGuid = {389650B5-5AF0-4464-B371-227766FF32E9}
	EndGlobalSection
EndGlobal
